
Microsoft Visual Studio Solution File, Format Version 12.00
# Visual Studio 15
VisualStudioVersion = 15.0.27703.2035
MinimumVisualStudioVersion = 10.0.40219.1
Project("{FAE04EC0-301F-11D3-BF4B-00C04F79EFBC}") = "GerenciadorDeChamadas", "GerenciadorDeChamadas\GerenciadorDeChamadas.csproj", "{31E65D55-7CCA-47B9-A79A-18EA1CDEE84B}"
EndProject
Global
	GlobalSection(SolutionConfigurationPlatforms) = preSolution
		Debug|Any CPU = Debug|Any CPU
		Release|Any CPU = Release|Any CPU
	EndGlobalSection
	GlobalSection(ProjectConfigurationPlatforms) = postSolution
		{31E65D55-7CCA-47B9-A79A-18EA1CDEE84B}.Debug|Any CPU.ActiveCfg = Debug|Any CPU
		{31E65D55-7CCA-47B9-A79A-18EA1CDEE84B}.Debug|Any CPU.Build.0 = Debug|Any CPU
		{31E65D55-7CCA-47B9-A79A-18EA1CDEE84B}.Release|Any CPU.ActiveCfg = Release|Any CPU
		{31E65D55-7CCA-47B9-A79A-18EA1CDEE84B}.Release|Any CPU.Build.0 = Release|Any CPU
	EndGlobalSection
	GlobalSection(SolutionProperties) = preSolution
		HideSolutionNode = FALSE
	EndGlobalSection
	GlobalSection(ExtensibilityGlobals) = postSolution
		SolutionGuid = {838F4CAD-42AE-44A9-BA36-23E9B3387B8F}
	EndGlobalSection
EndGlobal
